// !$*UTF8*$!
{
	archiveVersion = 1;
	classes = {
	};
	objectVersion = 46;
	objects = {

/* Begin PBXBuildFile section */
		AA23C3DC1F74E98800994328 /* AppDelegate.swift in Sources */ = {isa = PBXBuildFile; fileRef = AA23C3DB1F74E98800994328 /* AppDelegate.swift */; };
		AA23C3DE1F74E98800994328 /* ViewController.swift in Sources */ = {isa = PBXBuildFile; fileRef = AA23C3DD1F74E98800994328 /* ViewController.swift */; };
		AA23C3E11F74E98800994328 /* Main.storyboard in Resources */ = {isa = PBXBuildFile; fileRef = AA23C3DF1F74E98800994328 /* Main.storyboard */; };
		AA23C3E31F74E98800994328 /* Assets.xcassets in Resources */ = {isa = PBXBuildFile; fileRef = AA23C3E21F74E98800994328 /* Assets.xcassets */; };
		AA23C3E61F74E98800994328 /* LaunchScreen.storyboard in Resources */ = {isa = PBXBuildFile; fileRef = AA23C3E41F74E98800994328 /* LaunchScreen.storyboard */; };
		AA23C3F11F74E98900994328 /* __Tests.swift in Sources */ = {isa = PBXBuildFile; fileRef = AA23C3F01F74E98900994328 /* __Tests.swift */; };
		AA23C3FC1F74E98900994328 /* __UITests.swift in Sources */ = {isa = PBXBuildFile; fileRef = AA23C3FB1F74E98900994328 /* __UITests.swift */; };
/* End PBXBuildFile section */

/* Begin PBXContainerItemProxy section */
		AA23C3ED1F74E98900994328 /* PBXContainerItemProxy */ = {
			isa = PBXContainerItemProxy;
			containerPortal = AA23C3D01F74E98800994328 /* Project object */;
			proxyType = 1;
			remoteGlobalIDString = AA23C3D71F74E98800994328;
			remoteInfo = "数组";
		};
		AA23C3F81F74E98900994328 /* PBXContainerItemProxy */ = {
			isa = PBXContainerItemProxy;
			containerPortal = AA23C3D01F74E98800994328 /* Project object */;
			proxyType = 1;
			remoteGlobalIDString = AA23C3D71F74E98800994328;
			remoteInfo = "数组";
		};
/* End PBXContainerItemProxy section */

/* Begin PBXFileReference section */
		AA23C3D81F74E98800994328 /* 数组.app */ = {isa = PBXFileReference; explicitFileType = wrapper.application; includeInIndex = 0; path = "数组.app"; sourceTree = BUILT_PRODUCTS_DIR; };
		AA23C3DB1F74E98800994328 /* AppDelegate.swift */ = {isa = PBXFileReference; lastKnownFileType = sourcecode.swift; path = AppDelegate.swift; sourceTree = "<group>"; };
		AA23C3DD1F74E98800994328 /* ViewController.swift */ = {isa = PBXFileReference; lastKnownFileType = sourcecode.swift; path = ViewController.swift; sourceTree = "<group>"; };
		AA23C3E01F74E98800994328 /* Base */ = {isa = PBXFileReference; lastKnownFileType = file.storyboard; name = Base; path = Base.lproj/Main.storyboard; sourceTree = "<group>"; };
		AA23C3E21F74E98800994328 /* Assets.xcassets */ = {isa = PBXFileReference; lastKnownFileType = folder.assetcatalog; path = Assets.xcassets; sourceTree = "<group>"; };
		AA23C3E51F74E98800994328 /* Base */ = {isa = PBXFileReference; lastKnownFileType = file.storyboard; name = Base; path = Base.lproj/LaunchScreen.storyboard; sourceTree = "<group>"; };
		AA23C3E71F74E98800994328 /* Info.plist */ = {isa = PBXFileReference; lastKnownFileType = text.plist.xml; path = Info.plist; sourceTree = "<group>"; };
		AA23C3EC1F74E98900994328 /* 数组Tests.xctest */ = {isa = PBXFileReference; explicitFileType = wrapper.cfbundle; includeInIndex = 0; path = "数组Tests.xctest"; sourceTree = BUILT_PRODUCTS_DIR; };
		AA23C3F01F74E98900994328 /* __Tests.swift */ = {isa = PBXFileReference; lastKnownFileType = sourcecode.swift; path = __Tests.swift; sourceTree = "<group>"; };
		AA23C3F21F74E98900994328 /* Info.plist */ = {isa = PBXFileReference; lastKnownFileType = text.plist.xml; path = Info.plist; sourceTree = "<group>"; };
		AA23C3F71F74E98900994328 /* 数组UITests.xctest */ = {isa = PBXFileReference; explicitFileType = wrapper.cfbundle; includeInIndex = 0; path = "数组UITests.xctest"; sourceTree = BUILT_PRODUCTS_DIR; };
		AA23C3FB1F74E98900994328 /* __UITests.swift */ = {isa = PBXFileReference; lastKnownFileType = sourcecode.swift; path = __UITests.swift; sourceTree = "<group>"; };
		AA23C3FD1F74E98900994328 /* Info.plist */ = {isa = PBXFileReference; lastKnownFileType = text.plist.xml; path = Info.plist; sourceTree = "<group>"; };
/* End PBXFileReference section */

/* Begin PBXFrameworksBuildPhase section */
		AA23C3D51F74E98800994328 /* Frameworks */ = {
			isa = PBXFrameworksBuildPhase;
			buildActionMask = 2147483647;
			files = (
			);
			runOnlyForDeploymentPostprocessing = 0;
		};
		AA23C3E91F74E98900994328 /* Frameworks */ = {
			isa = PBXFrameworksBuildPhase;
			buildActionMask = 2147483647;
			files = (
			);
			runOnlyForDeploymentPostprocessing = 0;
		};
		AA23C3F41F74E98900994328 /* Frameworks */ = {
			isa = PBXFrameworksBuildPhase;
			buildActionMask = 2147483647;
			files = (
			);
			runOnlyForDeploymentPostprocessing = 0;
		};
/* End PBXFrameworksBuildPhase section */

/* Begin PBXGroup section */
		AA23C3CF1F74E98800994328 = {
			isa = PBXGroup;
			children = (
				AA23C3DA1F74E98800994328 /* 数组 */,
				AA23C3EF1F74E98900994328 /* 数组Tests */,
				AA23C3FA1F74E98900994328 /* 数组UITests */,
				AA23C3D91F74E98800994328 /* Products */,
			);
			sourceTree = "<group>";
		};
		AA23C3D91F74E98800994328 /* Products */ = {
			isa = PBXGroup;
			children = (
				AA23C3D81F74E98800994328 /* 数组.app */,
				AA23C3EC1F74E98900994328 /* 数组Tests.xctest */,
				AA23C3F71F74E98900994328 /* 数组UITests.xctest */,
			);
			name = Products;
			sourceTree = "<group>";
		};
		AA23C3DA1F74E98800994328 /* 数组 */ = {
			isa = PBXGroup;
			children = (
				AA23C3DB1F74E98800994328 /* AppDelegate.swift */,
				AA23C3DD1F74E98800994328 /* ViewController.swift */,
				AA23C3DF1F74E98800994328 /* Main.storyboard */,
				AA23C3E21F74E98800994328 /* Assets.xcassets */,
				AA23C3E41F74E98800994328 /* LaunchScreen.storyboard */,
				AA23C3E71F74E98800994328 /* Info.plist */,
			);
			path = "数组";
			sourceTree = "<group>";
		};
		AA23C3EF1F74E98900994328 /* 数组Tests */ = {
			isa = PBXGroup;
			children = (
				AA23C3F01F74E98900994328 /* __Tests.swift */,
				AA23C3F21F74E98900994328 /* Info.plist */,
			);
			path = "数组Tests";
			sourceTree = "<group>";
		};
		AA23C3FA1F74E98900994328 /* 数组UITests */ = {
			isa = PBXGroup;
			children = (
				AA23C3FB1F74E98900994328 /* __UITests.swift */,
				AA23C3FD1F74E98900994328 /* Info.plist */,
			);
			path = "数组UITests";
			sourceTree = "<group>";
		};
/* End PBXGroup section */

/* Begin PBXNativeTarget section */
		AA23C3D71F74E98800994328 /* 数组 */ = {
			isa = PBXNativeTarget;
			buildConfigurationList = AA23C4001F74E98900994328 /* Build configuration list for PBXNativeTarget "数组" */;
			buildPhases = (
				AA23C3D41F74E98800994328 /* Sources */,
				AA23C3D51F74E98800994328 /* Frameworks */,
				AA23C3D61F74E98800994328 /* Resources */,
			);
			buildRules = (
			);
			dependencies = (
			);
			name = "数组";
			productName = "数组";
			productReference = AA23C3D81F74E98800994328 /* 数组.app */;
			productType = "com.apple.product-type.application";
		};
		AA23C3EB1F74E98900994328 /* 数组Tests */ = {
			isa = PBXNativeTarget;
			buildConfigurationList = AA23C4031F74E98900994328 /* Build configuration list for PBXNativeTarget "数组Tests" */;
			buildPhases = (
				AA23C3E81F74E98900994328 /* Sources */,
				AA23C3E91F74E98900994328 /* Frameworks */,
				AA23C3EA1F74E98900994328 /* Resources */,
			);
			buildRules = (
			);
			dependencies = (
				AA23C3EE1F74E98900994328 /* PBXTargetDependency */,
			);
			name = "数组Tests";
			productName = "数组Tests";
			productReference = AA23C3EC1F74E98900994328 /* 数组Tests.xctest */;
			productType = "com.apple.product-type.bundle.unit-test";
		};
		AA23C3F61F74E98900994328 /* 数组UITests */ = {
			isa = PBXNativeTarget;
			buildConfigurationList = AA23C4061F74E98900994328 /* Build configuration list for PBXNativeTarget "数组UITests" */;
			buildPhases = (
				AA23C3F31F74E98900994328 /* Sources */,
				AA23C3F41F74E98900994328 /* Frameworks */,
				AA23C3F51F74E98900994328 /* Resources */,
			);
			buildRules = (
			);
			dependencies = (
				AA23C3F91F74E98900994328 /* PBXTargetDependency */,
			);
			name = "数组UITests";
			productName = "数组UITests";
			productReference = AA23C3F71F74E98900994328 /* 数组UITests.xctest */;
			productType = "com.apple.product-type.bundle.ui-testing";
		};
/* End PBXNativeTarget section */

/* Begin PBXProject section */
		AA23C3D01F74E98800994328 /* Project object */ = {
			isa = PBXProject;
			attributes = {
				LastSwiftUpdateCheck = 0820;
				LastUpgradeCheck = 0820;
				ORGANIZATIONNAME = sanyi;
				TargetAttributes = {
					AA23C3D71F74E98800994328 = {
						CreatedOnToolsVersion = 8.2.1;
						DevelopmentTeam = WGLM2PFCF5;
						ProvisioningStyle = Automatic;
					};
					AA23C3EB1F74E98900994328 = {
						CreatedOnToolsVersion = 8.2.1;
						DevelopmentTeam = WGLM2PFCF5;
						ProvisioningStyle = Automatic;
						TestTargetID = AA23C3D71F74E98800994328;
					};
					AA23C3F61F74E98900994328 = {
						CreatedOnToolsVersion = 8.2.1;
						DevelopmentTeam = WGLM2PFCF5;
						ProvisioningStyle = Automatic;
						TestTargetID = AA23C3D71F74E98800994328;
					};
				};
			};
			buildConfigurationList = AA23C3D31F74E98800994328 /* Build configuration list for PBXProject "数组" */;
			compatibilityVersion = "Xcode 3.2";
			developmentRegion = English;
			hasScannedForEncodings = 0;
			knownRegions = (
				en,
				Base,
			);
			mainGroup = AA23C3CF1F74E98800994328;
			productRefGroup = AA23C3D91F74E98800994328 /* Products */;
			projectDirPath = "";
			projectRoot = "";
			targets = (
				AA23C3D71F74E98800994328 /* 数组 */,
				AA23C3EB1F74E98900994328 /* 数组Tests */,
				AA23C3F61F74E98900994328 /* 数组UITests */,
			);
		};
/* End PBXProject section */

/* Begin PBXResourcesBuildPhase section */
		AA23C3D61F74E98800994328 /* Resources */ = {
			isa = PBXResourcesBuildPhase;
			buildActionMask = 2147483647;
			files = (
				AA23C3E61F74E98800994328 /* LaunchScreen.storyboard in Resources */,
				AA23C3E31F74E98800994328 /* Assets.xcassets in Resources */,
				AA23C3E11F74E98800994328 /* Main.storyboard in Resources */,
			);
			runOnlyForDeploymentPostprocessing = 0;
		};
		AA23C3EA1F74E98900994328 /* Resources */ = {
			isa = PBXResourcesBuildPhase;
			buildActionMask = 2147483647;
			files = (
			);
			runOnlyForDeploymentPostprocessing = 0;
		};
		AA23C3F51F74E98900994328 /* Resources */ = {
			isa = PBXResourcesBuildPhase;
			buildActionMask = 2147483647;
			files = (
			);
			runOnlyForDeploymentPostprocessing = 0;
		};
/* End PBXResourcesBuildPhase section */

/* Begin PBXSourcesBuildPhase section */
		AA23C3D41F74E98800994328 /* Sources */ = {
			isa = PBXSourcesBuildPhase;
			buildActionMask = 2147483647;
			files = (
				AA23C3DE1F74E98800994328 /* ViewController.swift in Sources */,
				AA23C3DC1F74E98800994328 /* AppDelegate.swift in Sources */,
			);
			runOnlyForDeploymentPostprocessing = 0;
		};
		AA23C3E81F74E98900994328 /* Sources */ = {
			isa = PBXSourcesBuildPhase;
			buildActionMask = 2147483647;
			files = (
				AA23C3F11F74E98900994328 /* __Tests.swift in Sources */,
			);
			runOnlyForDeploymentPostprocessing = 0;
		};
		AA23C3F31F74E98900994328 /* Sources */ = {
			isa = PBXSourcesBuildPhase;
			buildActionMask = 2147483647;
			files = (
				AA23C3FC1F74E98900994328 /* __UITests.swift in Sources */,
			);
			runOnlyForDeploymentPostprocessing = 0;
		};
/* End PBXSourcesBuildPhase section */

/* Begin PBXTargetDependency section */
		AA23C3EE1F74E98900994328 /* PBXTargetDependency */ = {
			isa = PBXTargetDependency;
			target = AA23C3D71F74E98800994328 /* 数组 */;
			targetProxy = AA23C3ED1F74E98900994328 /* PBXContainerItemProxy */;
		};
		AA23C3F91F74E98900994328 /* PBXTargetDependency */ = {
			isa = PBXTargetDependency;
			target = AA23C3D71F74E98800994328 /* 数组 */;
			targetProxy = AA23C3F81F74E98900994328 /* PBXContainerItemProxy */;
		};
/* End PBXTargetDependency section */

/* Begin PBXVariantGroup section */
		AA23C3DF1F74E98800994328 /* Main.storyboard */ = {
			isa = PBXVariantGroup;
			children = (
				AA23C3E01F74E98800994328 /* Base */,
			);
			name = Main.storyboard;
			sourceTree = "<group>";
		};
		AA23C3E41F74E98800994328 /* LaunchScreen.storyboard */ = {
			isa = PBXVariantGroup;
			children = (
				AA23C3E51F74E98800994328 /* Base */,
			);
			name = LaunchScreen.storyboard;
			sourceTree = "<group>";
		};
/* End PBXVariantGroup section */

/* Begin XCBuildConfiguration section */
		AA23C3FE1F74E98900994328 /* Debug */ = {
			isa = XCBuildConfiguration;
			buildSettings = {
				ALWAYS_SEARCH_USER_PATHS = NO;
				CLANG_ANALYZER_NONNULL = YES;
				CLANG_CXX_LANGUAGE_STANDARD = "gnu++0x";
				CLANG_CXX_LIBRARY = "libc++";
				CLANG_ENABLE_MODULES = YES;
				CLANG_ENABLE_OBJC_ARC = YES;
				CLANG_WARN_BOOL_CONVERSION = YES;
				CLANG_WARN_CONSTANT_CONVERSION = YES;
				CLANG_WARN_DIRECT_OBJC_ISA_USAGE = YES_ERROR;
				CLANG_WARN_DOCUMENTATION_COMMENTS = YES;
				CLANG_WARN_EMPTY_BODY = YES;
				CLANG_WARN_ENUM_CONVERSION = YES;
				CLANG_WARN_INFINITE_RECURSION = YES;
				CLANG_WARN_INT_CONVERSION = YES;
				CLANG_WARN_OBJC_ROOT_CLASS = YES_ERROR;
				CLANG_WARN_SUSPICIOUS_MOVE = YES;
				CLANG_WARN_UNREACHABLE_CODE = YES;
				CLANG_WARN__DUPLICATE_METHOD_MATCH = YES;
				"CODE_SIGN_IDENTITY[sdk=iphoneos*]" = "iPhone Developer";
				COPY_PHASE_STRIP = NO;
				DEBUG_INFORMATION_FORMAT = dwarf;
				ENABLE_STRICT_OBJC_MSGSEND = YES;
				ENABLE_TESTABILITY = YES;
				GCC_C_LANGUAGE_STANDARD = gnu99;
				GCC_DYNAMIC_NO_PIC = NO;
				GCC_NO_COMMON_BLOCKS = YES;
				GCC_OPTIMIZATION_LEVEL = 0;
				GCC_PREPROCESSOR_DEFINITIONS = (
					"DEBUG=1",
					"$(inherited)",
				);
				GCC_WARN_64_TO_32_BIT_CONVERSION = YES;
				GCC_WARN_ABOUT_RETURN_TYPE = YES_ERROR;
				GCC_WARN_UNDECLARED_SELECTOR = YES;
				GCC_WARN_UNINITIALIZED_AUTOS = YES_AGGRESSIVE;
				GCC_WARN_UNUSED_FUNCTION = YES;
				GCC_WARN_UNUSED_VARIABLE = YES;
				IPHONEOS_DEPLOYMENT_TARGET = 10.2;
				MTL_ENABLE_DEBUG_INFO = YES;
				ONLY_ACTIVE_ARCH = YES;
				SDKROOT = iphoneos;
				SWIFT_ACTIVE_COMPILATION_CONDITIONS = DEBUG;
				SWIFT_OPTIMIZATION_LEVEL = "-Onone";
			};
			name = Debug;
		};
		AA23C3FF1F74E98900994328 /* Release */ = {
			isa = XCBuildConfiguration;
			buildSettings = {
				ALWAYS_SEARCH_USER_PATHS = NO;
				CLANG_ANALYZER_NONNULL = YES;
				CLANG_CXX_LANGUAGE_STANDARD = "gnu++0x";
				CLANG_CXX_LIBRARY = "libc++";
				CLANG_ENABLE_MODULES = YES;
				CLANG_ENABLE_OBJC_ARC = YES;
				CLANG_WARN_BOOL_CONVERSION = YES;
				CLANG_WARN_CONSTANT_CONVERSION = YES;
				CLANG_WARN_DIRECT_OBJC_ISA_USAGE = YES_ERROR;
				CLANG_WARN_DOCUMENTATION_COMMENTS = YES;
				CLANG_WARN_EMPTY_BODY = YES;
				CLANG_WARN_ENUM_CONVERSION = YES;
				CLANG_WARN_INFINITE_RECURSION = YES;
				CLANG_WARN_INT_CONVERSION = YES;
				CLANG_WARN_OBJC_ROOT_CLASS = YES_ERROR;
				CLANG_WARN_SUSPICIOUS_MOVE = YES;
				CLANG_WARN_UNREACHABLE_CODE = YES;
				CLANG_WARN__DUPLICATE_METHOD_MATCH = YES;
				"CODE_SIGN_IDENTITY[sdk=iphoneos*]" = "iPhone Developer";
				COPY_PHASE_STRIP = NO;
				DEBUG_INFORMATION_FORMAT = "dwarf-with-dsym";
				ENABLE_NS_ASSERTIONS = NO;
				ENABLE_STRICT_OBJC_MSGSEND = YES;
				GCC_C_LANGUAGE_STANDARD = gnu99;
				GCC_NO_COMMON_BLOCKS = YES;
				GCC_WARN_64_TO_32_BIT_CONVERSION = YES;
				GCC_WARN_ABOUT_RETURN_TYPE = YES_ERROR;
				GCC_WARN_UNDECLARED_SELECTOR = YES;
				GCC_WARN_UNINITIALIZED_AUTOS = YES_AGGRESSIVE;
				GCC_WARN_UNUSED_FUNCTION = YES;
				GCC_WARN_UNUSED_VARIABLE = YES;
				IPHONEOS_DEPLOYMENT_TARGET = 10.2;
				MTL_ENABLE_DEBUG_INFO = NO;
				SDKROOT = iphoneos;
				SWIFT_OPTIMIZATION_LEVEL = "-Owholemodule";
				VALIDATE_PRODUCT = YES;
			};
			name = Release;
		};
		AA23C4011F74E98900994328 /* Debug */ = {
			isa = XCBuildConfiguration;
			buildSettings = {
				ASSETCATALOG_COMPILER_APPICON_NAME = AppIcon;
				DEVELOPMENT_TEAM = WGLM2PFCF5;
				INFOPLIST_FILE = "数组/Info.plist";
				LD_RUNPATH_SEARCH_PATHS = "$(inherited) @executable_path/Frameworks";
				PRODUCT_BUNDLE_IDENTIFIER = "com.sanyi.--";
				PRODUCT_NAME = "$(TARGET_NAME)";
				SWIFT_VERSION = 3.0;
			};
			name = Debug;
		};
		AA23C4021F74E98900994328 /* Release */ = {
			isa = XCBuildConfiguration;
			buildSettings = {
				ASSETCATALOG_COMPILER_APPICON_NAME = AppIcon;
				DEVELOPMENT_TEAM = WGLM2PFCF5;
				INFOPLIST_FILE = "数组/Info.plist";
				LD_RUNPATH_SEARCH_PATHS = "$(inherited) @executable_path/Frameworks";
				PRODUCT_BUNDLE_IDENTIFIER = "com.sanyi.--";
				PRODUCT_NAME = "$(TARGET_NAME)";
				SWIFT_VERSION = 3.0;
			};
			name = Release;
		};
		AA23C4041F74E98900994328 /* Debug */ = {
			isa = XCBuildConfiguration;
			buildSettings = {
				ALWAYS_EMBED_SWIFT_STANDARD_LIBRARIES = YES;
				BUNDLE_LOADER = "$(TEST_HOST)";
				DEVELOPMENT_TEAM = WGLM2PFCF5;
				INFOPLIST_FILE = "数组Tests/Info.plist";
				LD_RUNPATH_SEARCH_PATHS = "$(inherited) @executable_path/Frameworks @loader_path/Frameworks";
				PRODUCT_BUNDLE_IDENTIFIER = "com.sanyi.--Tests";
				PRODUCT_NAME = "$(TARGET_NAME)";
				SWIFT_VERSION = 3.0;
				TEST_HOST = "$(BUILT_PRODUCTS_DIR)/数组.app/数组";
			};
			name = Debug;
		};
		AA23C4051F74E98900994328 /* Release */ = {
			isa = XCBuildConfiguration;
			buildSettings = {
				ALWAYS_EMBED_SWIFT_STANDARD_LIBRARIES = YES;
				BUNDLE_LOADER = "$(TEST_HOST)";
				DEVELOPMENT_TEAM = WGLM2PFCF5;
				INFOPLIST_FILE = "数组Tests/Info.plist";
				LD_RUNPATH_SEARCH_PATHS = "$(inherited) @executable_path/Frameworks @loader_path/Frameworks";
				PRODUCT_BUNDLE_IDENTIFIER = "com.sanyi.--Tests";
				PRODUCT_NAME = "$(TARGET_NAME)";
				SWIFT_VERSION = 3.0;
				TEST_HOST = "$(BUILT_PRODUCTS_DIR)/数组.app/数组";
			};
			name = Release;
		};
		AA23C4071F74E98900994328 /* Debug */ = {
			isa = XCBuildConfiguration;
			buildSettings = {
				ALWAYS_EMBED_SWIFT_STANDARD_LIBRARIES = YES;
				DEVELOPMENT_TEAM = WGLM2PFCF5;
				INFOPLIST_FILE = "数组UITests/Info.plist";
				LD_RUNPATH_SEARCH_PATHS = "$(inherited) @executable_path/Frameworks @loader_path/Frameworks";
				PRODUCT_BUNDLE_IDENTIFIER = "com.sanyi.--UITests";
				PRODUCT_NAME = "$(TARGET_NAME)";
				SWIFT_VERSION = 3.0;
				TEST_TARGET_NAME = "数组";
			};
			name = Debug;
		};
		AA23C4081F74E98900994328 /* Release */ = {
			isa = XCBuildConfiguration;
			buildSettings = {
				ALWAYS_EMBED_SWIFT_STANDARD_LIBRARIES = YES;
				DEVELOPMENT_TEAM = WGLM2PFCF5;
				INFOPLIST_FILE = "数组UITests/Info.plist";
				LD_RUNPATH_SEARCH_PATHS = "$(inherited) @executable_path/Frameworks @loader_path/Frameworks";
				PRODUCT_BUNDLE_IDENTIFIER = "com.sanyi.--UITests";
				PRODUCT_NAME = "$(TARGET_NAME)";
				SWIFT_VERSION = 3.0;
				TEST_TARGET_NAME = "数组";
			};
			name = Release;
		};
/* End XCBuildConfiguration section */

/* Begin XCConfigurationList section */
		AA23C3D31F74E98800994328 /* Build configuration list for PBXProject "数组" */ = {
			isa = XCConfigurationList;
			buildConfigurations = (
				AA23C3FE1F74E98900994328 /* Debug */,
				AA23C3FF1F74E98900994328 /* Release */,
			);
			defaultConfigurationIsVisible = 0;
			defaultConfigurationName = Release;
		};
		AA23C4001F74E98900994328 /* Build configuration list for PBXNativeTarget "数组" */ = {
			isa = XCConfigurationList;
			buildConfigurations = (
				AA23C4011F74E98900994328 /* Debug */,
				AA23C4021F74E98900994328 /* Release */,
			);
			defaultConfigurationIsVisible = 0;
		};
		AA23C4031F74E98900994328 /* Build configuration list for PBXNativeTarget "数组Tests" */ = {
			isa = XCConfigurationList;
			buildConfigurations = (
				AA23C4041F74E98900994328 /* Debug */,
				AA23C4051F74E98900994328 /* Release */,
			);
			defaultConfigurationIsVisible = 0;
		};
		AA23C4061F74E98900994328 /* Build configuration list for PBXNativeTarget "数组UITests" */ = {
			isa = XCConfigurationList;
			buildConfigurations = (
				AA23C4071F74E98900994328 /* Debug */,
				AA23C4081F74E98900994328 /* Release */,
			);
			defaultConfigurationIsVisible = 0;
		};
/* End XCConfigurationList section */
	};
	rootObject = AA23C3D01F74E98800994328 /* Project object */;
}
